// !$*UTF8*$!
{
	archiveVersion = 1;
	classes = {
	};
	objectVersion = 77;
	objects = {

/* Begin PBXBuildFile section */
		DF3361582E58C08B0086979F /* CryptoSwift in Frameworks */ = {isa = PBXBuildFile; productRef = DF3361572E58C08B0086979F /* CryptoSwift */; };
		DF404A4D2E501AB500DD0D81 /* IQKeyboardManagerSwift in Frameworks */ = {isa = PBXBuildFile; productRef = DF404A4C2E501AB500DD0D81 /* IQKeyboardManagerSwift */; };
		DF404D6C2E50785E00DD0D81 /* RealmSwift in Frameworks */ = {isa = PBXBuildFile; productRef = DF404D6B2E50785E00DD0D81 /* RealmSwift */; };
		DF4E49532E4B1FEF00278511 /* RxCocoa in Frameworks */ = {isa = PBXBuildFile; productRef = DF4E49522E4B1FEF00278511 /* RxCocoa */; };
		DF4E49552E4B1FEF00278511 /* RxRelay in Frameworks */ = {isa = PBXBuildFile; productRef = DF4E49542E4B1FEF00278511 /* RxRelay */; };
		DF4E49572E4B1FEF00278511 /* RxSwift in Frameworks */ = {isa = PBXBuildFile; productRef = DF4E49562E4B1FEF00278511 /* RxSwift */; };
		DF71E4932E50C0060028FC61 /* RealmSwift in Embed Frameworks */ = {isa = PBXBuildFile; productRef = DF404D6B2E50785E00DD0D81 /* RealmSwift */; settings = {ATTRIBUTES = (CodeSignOnCopy, ); }; };
		DF71E5622E50DE650028FC61 /* ESPullToRefresh in Frameworks */ = {isa = PBXBuildFile; productRef = DF71E5612E50DE650028FC61 /* ESPullToRefresh */; };
		DF71E5652E50E01E0028FC61 /* NVActivityIndicatorView in Frameworks */ = {isa = PBXBuildFile; productRef = DF71E5642E50E01E0028FC61 /* NVActivityIndicatorView */; };
		DF71E5672E50E01E0028FC61 /* NVActivityIndicatorViewExtended in Frameworks */ = {isa = PBXBuildFile; productRef = DF71E5662E50E01E0028FC61 /* NVActivityIndicatorViewExtended */; };
/* End PBXBuildFile section */

/* Begin PBXCopyFilesBuildPhase section */
		DF71E4942E50C0060028FC61 /* Embed Frameworks */ = {
			isa = PBXCopyFilesBuildPhase;
			buildActionMask = 2147483647;
			dstPath = "";
			dstSubfolderSpec = 10;
			files = (
				DF71E4932E50C0060028FC61 /* RealmSwift in Embed Frameworks */,
			);
			name = "Embed Frameworks";
			runOnlyForDeploymentPostprocessing = 0;
		};
/* End PBXCopyFilesBuildPhase section */

/* Begin PBXFileReference section */
		DF4E49292E4B1C7A00278511 /* edge-authenticator.app */ = {isa = PBXFileReference; explicitFileType = wrapper.application; includeInIndex = 0; path = "edge-authenticator.app"; sourceTree = BUILT_PRODUCTS_DIR; };
/* End PBXFileReference section */

/* Begin PBXFileSystemSynchronizedBuildFileExceptionSet section */
		DF4E493B2E4B1C7B00278511 /* Exceptions for "edge-authenticator" folder in "edge-authenticator" target */ = {
			isa = PBXFileSystemSynchronizedBuildFileExceptionSet;
			membershipExceptions = (
				Extension/Untitled.swift,
				Info.plist,
			);
			target = DF4E49282E4B1C7A00278511 /* edge-authenticator */;
		};
/* End PBXFileSystemSynchronizedBuildFileExceptionSet section */

/* Begin PBXFileSystemSynchronizedRootGroup section */
		DF4E492B2E4B1C7A00278511 /* edge-authenticator */ = {
			isa = PBXFileSystemSynchronizedRootGroup;
			exceptions = (
				DF4E493B2E4B1C7B00278511 /* Exceptions for "edge-authenticator" folder in "edge-authenticator" target */,
			);
			path = "edge-authenticator";
			sourceTree = "<group>";
		};
/* End PBXFileSystemSynchronizedRootGroup section */

/* Begin PBXFrameworksBuildPhase section */
		DF4E49262E4B1C7A00278511 /* Frameworks */ = {
			isa = PBXFrameworksBuildPhase;
			buildActionMask = 2147483647;
			files = (
				DF4E49572E4B1FEF00278511 /* RxSwift in Frameworks */,
				DF71E5672E50E01E0028FC61 /* NVActivityIndicatorViewExtended in Frameworks */,
				DF3361582E58C08B0086979F /* CryptoSwift in Frameworks */,
				DF404A4D2E501AB500DD0D81 /* IQKeyboardManagerSwift in Frameworks */,
				DF71E5652E50E01E0028FC61 /* NVActivityIndicatorView in Frameworks */,
				DF4E49552E4B1FEF00278511 /* RxRelay in Frameworks */,
				DF404D6C2E50785E00DD0D81 /* RealmSwift in Frameworks */,
				DF71E5622E50DE650028FC61 /* ESPullToRefresh in Frameworks */,
				DF4E49532E4B1FEF00278511 /* RxCocoa in Frameworks */,
			);
			runOnlyForDeploymentPostprocessing = 0;
		};
/* End PBXFrameworksBuildPhase section */

/* Begin PBXGroup section */
		DF4E49202E4B1C7A00278511 = {
			isa = PBXGroup;
			children = (
				DF4E492B2E4B1C7A00278511 /* edge-authenticator */,
				DF4E492A2E4B1C7A00278511 /* Products */,
			);
			sourceTree = "<group>";
		};
		DF4E492A2E4B1C7A00278511 /* Products */ = {
			isa = PBXGroup;
			children = (
				DF4E49292E4B1C7A00278511 /* edge-authenticator.app */,
			);
			name = Products;
			sourceTree = "<group>";
		};
/* End PBXGroup section */

/* Begin PBXNativeTarget section */
		DF4E49282E4B1C7A00278511 /* edge-authenticator */ = {
			isa = PBXNativeTarget;
			buildConfigurationList = DF4E493C2E4B1C7B00278511 /* Build configuration list for PBXNativeTarget "edge-authenticator" */;
			buildPhases = (
				DF4E49252E4B1C7A00278511 /* Sources */,
				DF4E49262E4B1C7A00278511 /* Frameworks */,
				DF4E49272E4B1C7A00278511 /* Resources */,
				DF71E4942E50C0060028FC61 /* Embed Frameworks */,
			);
			buildRules = (
			);
			dependencies = (
			);
			fileSystemSynchronizedGroups = (
				DF4E492B2E4B1C7A00278511 /* edge-authenticator */,
			);
			name = "edge-authenticator";
			packageProductDependencies = (
				DF4E49522E4B1FEF00278511 /* RxCocoa */,
				DF4E49542E4B1FEF00278511 /* RxRelay */,
				DF4E49562E4B1FEF00278511 /* RxSwift */,
				DF404A4C2E501AB500DD0D81 /* IQKeyboardManagerSwift */,
				DF404D6B2E50785E00DD0D81 /* RealmSwift */,
				DF71E5612E50DE650028FC61 /* ESPullToRefresh */,
				DF71E5642E50E01E0028FC61 /* NVActivityIndicatorView */,
				DF71E5662E50E01E0028FC61 /* NVActivityIndicatorViewExtended */,
				DF3361572E58C08B0086979F /* CryptoSwift */,
			);
			productName = "edge-authenticator";
			productReference = DF4E49292E4B1C7A00278511 /* edge-authenticator.app */;
			productType = "com.apple.product-type.application";
		};
/* End PBXNativeTarget section */

/* Begin PBXProject section */
		DF4E49212E4B1C7A00278511 /* Project object */ = {
			isa = PBXProject;
			attributes = {
				BuildIndependentTargetsInParallel = 1;
				LastSwiftUpdateCheck = 1640;
				LastUpgradeCheck = 1640;
				TargetAttributes = {
					DF4E49282E4B1C7A00278511 = {
						CreatedOnToolsVersion = 16.4;
					};
				};
			};
			buildConfigurationList = DF4E49242E4B1C7A00278511 /* Build configuration list for PBXProject "edge-authenticator" */;
			developmentRegion = en;
			hasScannedForEncodings = 0;
			knownRegions = (
				en,
				Base,
			);
			mainGroup = DF4E49202E4B1C7A00278511;
			minimizedProjectReferenceProxies = 1;
			packageReferences = (
				DF4E49512E4B1FEF00278511 /* XCRemoteSwiftPackageReference "RxSwift" */,
				DF404A4B2E501AB500DD0D81 /* XCRemoteSwiftPackageReference "IQKeyboardManager" */,
				DF404D6A2E50785E00DD0D81 /* XCRemoteSwiftPackageReference "realm-swift" */,
				DF71E5602E50DE650028FC61 /* XCRemoteSwiftPackageReference "pull-to-refresh" */,
				DF71E5632E50E01E0028FC61 /* XCRemoteSwiftPackageReference "NVActivityIndicatorView" */,
				DF3361562E58C08B0086979F /* XCRemoteSwiftPackageReference "CryptoSwift" */,
			);
			preferredProjectObjectVersion = 77;
			productRefGroup = DF4E492A2E4B1C7A00278511 /* Products */;
			projectDirPath = "";
			projectRoot = "";
			targets = (
				DF4E49282E4B1C7A00278511 /* edge-authenticator */,
			);
		};
/* End PBXProject section */

/* Begin PBXResourcesBuildPhase section */
		DF4E49272E4B1C7A00278511 /* Resources */ = {
			isa = PBXResourcesBuildPhase;
			buildActionMask = 2147483647;
			files = (
			);
			runOnlyForDeploymentPostprocessing = 0;
		};
/* End PBXResourcesBuildPhase section */

/* Begin PBXSourcesBuildPhase section */
		DF4E49252E4B1C7A00278511 /* Sources */ = {
			isa = PBXSourcesBuildPhase;
			buildActionMask = 2147483647;
			files = (
			);
			runOnlyForDeploymentPostprocessing = 0;
		};
/* End PBXSourcesBuildPhase section */

/* Begin XCBuildConfiguration section */
		DF4E493D2E4B1C7B00278511 /* Debug */ = {
			isa = XCBuildConfiguration;
			buildSettings = {
				ASSETCATALOG_COMPILER_APPICON_NAME = AppIcon;
				ASSETCATALOG_COMPILER_GLOBAL_ACCENT_COLOR_NAME = AccentColor;
				"CODE_SIGN_IDENTITY[sdk=iphoneos*]" = "iPhone Developer";
				CODE_SIGN_STYLE = Manual;
				CURRENT_PROJECT_VERSION = 1;
				DEVELOPMENT_TEAM = "";
				"DEVELOPMENT_TEAM[sdk=iphoneos*]" = 2YU433L6BL;
				GENERATE_INFOPLIST_FILE = YES;
				INFOPLIST_FILE = "edge-authenticator/Info.plist";
				INFOPLIST_KEY_NSCameraUsageDescription = "Enable camera in Settings to scan QR codes.";
				INFOPLIST_KEY_NSPhotoLibraryUsageDescription = "This app needs access to your photo library to scan QR codes.";
				INFOPLIST_KEY_UIApplicationSupportsIndirectInputEvents = YES;
				INFOPLIST_KEY_UILaunchStoryboardName = LaunchScreen;
				INFOPLIST_KEY_UIMainStoryboardFile = Main;
				INFOPLIST_KEY_UISupportedInterfaceOrientations = UIInterfaceOrientationPortrait;
				INFOPLIST_KEY_UISupportedInterfaceOrientations_iPad = "UIInterfaceOrientationLandscapeLeft UIInterfaceOrientationLandscapeRight UIInterfaceOrientationPortrait UIInterfaceOrientationPortraitUpsideDown";
				INFOPLIST_KEY_UIUserInterfaceStyle = Light;
				IPHONEOS_DEPLOYMENT_TARGET = 12.0;
				LD_RUNPATH_SEARCH_PATHS = (
					"$(inherited)",
					"@executable_path/Frameworks",
				);
				MARKETING_VERSION = 1.0;
				PRODUCT_BUNDLE_IDENTIFIER = "com.linn.edge-authenticator";
				PRODUCT_NAME = "$(TARGET_NAME)";
				PROVISIONING_PROFILE_SPECIFIER = "";
				"PROVISIONING_PROFILE_SPECIFIER[sdk=iphoneos*]" = "Edge Authenticator Development";
				SUPPORTED_PLATFORMS = "iphoneos iphonesimulator";
				SUPPORTS_MACCATALYST = NO;
				SUPPORTS_MAC_DESIGNED_FOR_IPHONE_IPAD = NO;
				SUPPORTS_XR_DESIGNED_FOR_IPHONE_IPAD = NO;
				SWIFT_EMIT_LOC_STRINGS = YES;
				SWIFT_VERSION = 5.0;
				TARGETED_DEVICE_FAMILY = 1;
			};
			name = Debug;
		};
		DF4E493E2E4B1C7B00278511 /* Release */ = {
			isa = XCBuildConfiguration;
			buildSettings = {
				ASSETCATALOG_COMPILER_APPICON_NAME = AppIcon;
				ASSETCATALOG_COMPILER_GLOBAL_ACCENT_COLOR_NAME = AccentColor;
				CODE_SIGN_STYLE = Manual;
				CURRENT_PROJECT_VERSION = 1;
				DEVELOPMENT_TEAM = "";
				GENERATE_INFOPLIST_FILE = YES;
				INFOPLIST_FILE = "edge-authenticator/Info.plist";
				INFOPLIST_KEY_NSCameraUsageDescription = "Enable camera in Settings to scan QR codes.";
				INFOPLIST_KEY_NSPhotoLibraryUsageDescription = "This app needs access to your photo library to scan QR codes.";
				INFOPLIST_KEY_UIApplicationSupportsIndirectInputEvents = YES;
				INFOPLIST_KEY_UILaunchStoryboardName = LaunchScreen;
				INFOPLIST_KEY_UIMainStoryboardFile = Main;
				INFOPLIST_KEY_UISupportedInterfaceOrientations = UIInterfaceOrientationPortrait;
				INFOPLIST_KEY_UISupportedInterfaceOrientations_iPad = "UIInterfaceOrientationLandscapeLeft UIInterfaceOrientationLandscapeRight UIInterfaceOrientationPortrait UIInterfaceOrientationPortraitUpsideDown";
				INFOPLIST_KEY_UIUserInterfaceStyle = Light;
				IPHONEOS_DEPLOYMENT_TARGET = 12.0;
				LD_RUNPATH_SEARCH_PATHS = (
					"$(inherited)",
					"@executable_path/Frameworks",
				);
				MARKETING_VERSION = 1.0;
				PRODUCT_BUNDLE_IDENTIFIER = "com.linn.edge-authenticator";
				PRODUCT_NAME = "$(TARGET_NAME)";
				PROVISIONING_PROFILE_SPECIFIER = "";
				SUPPORTED_PLATFORMS = "iphoneos iphonesimulator";
				SUPPORTS_MACCATALYST = NO;
				SUPPORTS_MAC_DESIGNED_FOR_IPHONE_IPAD = NO;
				SUPPORTS_XR_DESIGNED_FOR_IPHONE_IPAD = NO;
				SWIFT_EMIT_LOC_STRINGS = YES;
				SWIFT_VERSION = 5.0;
				TARGETED_DEVICE_FAMILY = 1;
			};
			name = Release;
		};
		DF4E493F2E4B1C7B00278511 /* Debug */ = {
			isa = XCBuildConfiguration;
			baseConfigurationReferenceAnchor = DF4E492B2E4B1C7A00278511 /* edge-authenticator */;
			baseConfigurationReferenceRelativePath = AppConfig.xcconfig;
			buildSettings = {
				ALWAYS_SEARCH_USER_PATHS = NO;
				ASSETCATALOG_COMPILER_GENERATE_SWIFT_ASSET_SYMBOL_EXTENSIONS = YES;
				CLANG_ANALYZER_NONNULL = YES;
				CLANG_ANALYZER_NUMBER_OBJECT_CONVERSION = YES_AGGRESSIVE;
				CLANG_CXX_LANGUAGE_STANDARD = "gnu++20";
				CLANG_ENABLE_MODULES = YES;
				CLANG_ENABLE_OBJC_ARC = YES;
				CLANG_ENABLE_OBJC_WEAK = YES;
				CLANG_WARN_BLOCK_CAPTURE_AUTORELEASING = YES;
				CLANG_WARN_BOOL_CONVERSION = YES;
				CLANG_WARN_COMMA = YES;
				CLANG_WARN_CONSTANT_CONVERSION = YES;
				CLANG_WARN_DEPRECATED_OBJC_IMPLEMENTATIONS = YES;
				CLANG_WARN_DIRECT_OBJC_ISA_USAGE = YES_ERROR;
				CLANG_WARN_DOCUMENTATION_COMMENTS = YES;
				CLANG_WARN_EMPTY_BODY = YES;
				CLANG_WARN_ENUM_CONVERSION = YES;
				CLANG_WARN_INFINITE_RECURSION = YES;
				CLANG_WARN_INT_CONVERSION = YES;
				CLANG_WARN_NON_LITERAL_NULL_CONVERSION = YES;
				CLANG_WARN_OBJC_IMPLICIT_RETAIN_SELF = YES;
				CLANG_WARN_OBJC_LITERAL_CONVERSION = YES;
				CLANG_WARN_OBJC_ROOT_CLASS = YES_ERROR;
				CLANG_WARN_QUOTED_INCLUDE_IN_FRAMEWORK_HEADER = YES;
				CLANG_WARN_RANGE_LOOP_ANALYSIS = YES;
				CLANG_WARN_STRICT_PROTOTYPES = YES;
				CLANG_WARN_SUSPICIOUS_MOVE = YES;
				CLANG_WARN_UNGUARDED_AVAILABILITY = YES_AGGRESSIVE;
				CLANG_WARN_UNREACHABLE_CODE = YES;
				CLANG_WARN__DUPLICATE_METHOD_MATCH = YES;
				COPY_PHASE_STRIP = NO;
				DEBUG_INFORMATION_FORMAT = dwarf;
				DEVELOPMENT_TEAM = 2YU433L6BL;
				ENABLE_STRICT_OBJC_MSGSEND = YES;
				ENABLE_TESTABILITY = YES;
				ENABLE_USER_SCRIPT_SANDBOXING = YES;
				GCC_C_LANGUAGE_STANDARD = gnu17;
				GCC_DYNAMIC_NO_PIC = NO;
				GCC_NO_COMMON_BLOCKS = YES;
				GCC_OPTIMIZATION_LEVEL = 0;
				GCC_PREPROCESSOR_DEFINITIONS = (
					"DEBUG=1",
					"$(inherited)",
				);
				GCC_WARN_64_TO_32_BIT_CONVERSION = YES;
				GCC_WARN_ABOUT_RETURN_TYPE = YES_ERROR;
				GCC_WARN_UNDECLARED_SELECTOR = YES;
				GCC_WARN_UNINITIALIZED_AUTOS = YES_AGGRESSIVE;
				GCC_WARN_UNUSED_FUNCTION = YES;
				GCC_WARN_UNUSED_VARIABLE = YES;
				IPHONEOS_DEPLOYMENT_TARGET = 18.5;
				LOCALIZATION_PREFERS_STRING_CATALOGS = YES;
				MTL_ENABLE_DEBUG_INFO = INCLUDE_SOURCE;
				MTL_FAST_MATH = YES;
				ONLY_ACTIVE_ARCH = YES;
				SDKROOT = iphoneos;
				SWIFT_ACTIVE_COMPILATION_CONDITIONS = "DEBUG $(inherited)";
				SWIFT_OPTIMIZATION_LEVEL = "-Onone";
			};
			name = Debug;
		};
		DF4E49402E4B1C7B00278511 /* Release */ = {
			isa = XCBuildConfiguration;
			baseConfigurationReferenceAnchor = DF4E492B2E4B1C7A00278511 /* edge-authenticator */;
			baseConfigurationReferenceRelativePath = AppConfig.xcconfig;
			buildSettings = {
				ALWAYS_SEARCH_USER_PATHS = NO;
				ASSETCATALOG_COMPILER_GENERATE_SWIFT_ASSET_SYMBOL_EXTENSIONS = YES;
				CLANG_ANALYZER_NONNULL = YES;
				CLANG_ANALYZER_NUMBER_OBJECT_CONVERSION = YES_AGGRESSIVE;
				CLANG_CXX_LANGUAGE_STANDARD = "gnu++20";
				CLANG_ENABLE_MODULES = YES;
				CLANG_ENABLE_OBJC_ARC = YES;
				CLANG_ENABLE_OBJC_WEAK = YES;
				CLANG_WARN_BLOCK_CAPTURE_AUTORELEASING = YES;
				CLANG_WARN_BOOL_CONVERSION = YES;
				CLANG_WARN_COMMA = YES;
				CLANG_WARN_CONSTANT_CONVERSION = YES;
				CLANG_WARN_DEPRECATED_OBJC_IMPLEMENTATIONS = YES;
				CLANG_WARN_DIRECT_OBJC_ISA_USAGE = YES_ERROR;
				CLANG_WARN_DOCUMENTATION_COMMENTS = YES;
				CLANG_WARN_EMPTY_BODY = YES;
				CLANG_WARN_ENUM_CONVERSION = YES;
				CLANG_WARN_INFINITE_RECURSION = YES;
				CLANG_WARN_INT_CONVERSION = YES;
				CLANG_WARN_NON_LITERAL_NULL_CONVERSION = YES;
				CLANG_WARN_OBJC_IMPLICIT_RETAIN_SELF = YES;
				CLANG_WARN_OBJC_LITERAL_CONVERSION = YES;
				CLANG_WARN_OBJC_ROOT_CLASS = YES_ERROR;
				CLANG_WARN_QUOTED_INCLUDE_IN_FRAMEWORK_HEADER = YES;
				CLANG_WARN_RANGE_LOOP_ANALYSIS = YES;
				CLANG_WARN_STRICT_PROTOTYPES = YES;
				CLANG_WARN_SUSPICIOUS_MOVE = YES;
				CLANG_WARN_UNGUARDED_AVAILABILITY = YES_AGGRESSIVE;
				CLANG_WARN_UNREACHABLE_CODE = YES;
				CLANG_WARN__DUPLICATE_METHOD_MATCH = YES;
				COPY_PHASE_STRIP = NO;
				DEBUG_INFORMATION_FORMAT = "dwarf-with-dsym";
				DEVELOPMENT_TEAM = 2YU433L6BL;
				ENABLE_NS_ASSERTIONS = NO;
				ENABLE_STRICT_OBJC_MSGSEND = YES;
				ENABLE_USER_SCRIPT_SANDBOXING = YES;
				GCC_C_LANGUAGE_STANDARD = gnu17;
				GCC_NO_COMMON_BLOCKS = YES;
				GCC_WARN_64_TO_32_BIT_CONVERSION = YES;
				GCC_WARN_ABOUT_RETURN_TYPE = YES_ERROR;
				GCC_WARN_UNDECLARED_SELECTOR = YES;
				GCC_WARN_UNINITIALIZED_AUTOS = YES_AGGRESSIVE;
				GCC_WARN_UNUSED_FUNCTION = YES;
				GCC_WARN_UNUSED_VARIABLE = YES;
				IPHONEOS_DEPLOYMENT_TARGET = 18.5;
				LOCALIZATION_PREFERS_STRING_CATALOGS = YES;
				MTL_ENABLE_DEBUG_INFO = NO;
				MTL_FAST_MATH = YES;
				SDKROOT = iphoneos;
				SWIFT_COMPILATION_MODE = wholemodule;
				VALIDATE_PRODUCT = YES;
			};
			name = Release;
		};
/* End XCBuildConfiguration section */

/* Begin XCConfigurationList section */
		DF4E49242E4B1C7A00278511 /* Build configuration list for PBXProject "edge-authenticator" */ = {
			isa = XCConfigurationList;
			buildConfigurations = (
				DF4E493F2E4B1C7B00278511 /* Debug */,
				DF4E49402E4B1C7B00278511 /* Release */,
			);
			defaultConfigurationIsVisible = 0;
			defaultConfigurationName = Release;
		};
		DF4E493C2E4B1C7B00278511 /* Build configuration list for PBXNativeTarget "edge-authenticator" */ = {
			isa = XCConfigurationList;
			buildConfigurations = (
				DF4E493D2E4B1C7B00278511 /* Debug */,
				DF4E493E2E4B1C7B00278511 /* Release */,
			);
			defaultConfigurationIsVisible = 0;
			defaultConfigurationName = Release;
		};
/* End XCConfigurationList section */

/* Begin XCRemoteSwiftPackageReference section */
		DF3361562E58C08B0086979F /* XCRemoteSwiftPackageReference "CryptoSwift" */ = {
			isa = XCRemoteSwiftPackageReference;
			repositoryURL = "https://github.com/krzyzanowskim/CryptoSwift";
			requirement = {
				kind = upToNextMajorVersion;
				minimumVersion = 1.9.0;
			};
		};
		DF404A4B2E501AB500DD0D81 /* XCRemoteSwiftPackageReference "IQKeyboardManager" */ = {
			isa = XCRemoteSwiftPackageReference;
			repositoryURL = "https://github.com/hackiftekhar/IQKeyboardManager";
			requirement = {
				kind = upToNextMajorVersion;
				minimumVersion = 6.5.6;
			};
		};
		DF404D6A2E50785E00DD0D81 /* XCRemoteSwiftPackageReference "realm-swift" */ = {
			isa = XCRemoteSwiftPackageReference;
			repositoryURL = "https://github.com/realm/realm-swift";
			requirement = {
				kind = upToNextMajorVersion;
				minimumVersion = 20.0.3;
			};
		};
		DF4E49512E4B1FEF00278511 /* XCRemoteSwiftPackageReference "RxSwift" */ = {
			isa = XCRemoteSwiftPackageReference;
			repositoryURL = "https://github.com/ReactiveX/RxSwift";
			requirement = {
				kind = upToNextMajorVersion;
				minimumVersion = 6.9.0;
			};
		};
		DF71E5602E50DE650028FC61 /* XCRemoteSwiftPackageReference "pull-to-refresh" */ = {
			isa = XCRemoteSwiftPackageReference;
			repositoryURL = "https://github.com/eggswift/pull-to-refresh";
			requirement = {
				kind = upToNextMajorVersion;
				minimumVersion = 2.9.3;
			};
		};
		DF71E5632E50E01E0028FC61 /* XCRemoteSwiftPackageReference "NVActivityIndicatorView" */ = {
			isa = XCRemoteSwiftPackageReference;
			repositoryURL = "https://github.com/ninjaprox/NVActivityIndicatorView";
			requirement = {
				kind = upToNextMajorVersion;
				minimumVersion = 5.2.0;
			};
		};
/* End XCRemoteSwiftPackageReference section */

/* Begin XCSwiftPackageProductDependency section */
		DF3361572E58C08B0086979F /* CryptoSwift */ = {
			isa = XCSwiftPackageProductDependency;
			package = DF3361562E58C08B0086979F /* XCRemoteSwiftPackageReference "CryptoSwift" */;
			productName = CryptoSwift;
		};
		DF404A4C2E501AB500DD0D81 /* IQKeyboardManagerSwift */ = {
			isa = XCSwiftPackageProductDependency;
			package = DF404A4B2E501AB500DD0D81 /* XCRemoteSwiftPackageReference "IQKeyboardManager" */;
			productName = IQKeyboardManagerSwift;
		};
		DF404D6B2E50785E00DD0D81 /* RealmSwift */ = {
			isa = XCSwiftPackageProductDependency;
			package = DF404D6A2E50785E00DD0D81 /* XCRemoteSwiftPackageReference "realm-swift" */;
			productName = RealmSwift;
		};
		DF4E49522E4B1FEF00278511 /* RxCocoa */ = {
			isa = XCSwiftPackageProductDependency;
			package = DF4E49512E4B1FEF00278511 /* XCRemoteSwiftPackageReference "RxSwift" */;
			productName = RxCocoa;
		};
		DF4E49542E4B1FEF00278511 /* RxRelay */ = {
			isa = XCSwiftPackageProductDependency;
			package = DF4E49512E4B1FEF00278511 /* XCRemoteSwiftPackageReference "RxSwift" */;
			productName = RxRelay;
		};
		DF4E49562E4B1FEF00278511 /* RxSwift */ = {
			isa = XCSwiftPackageProductDependency;
			package = DF4E49512E4B1FEF00278511 /* XCRemoteSwiftPackageReference "RxSwift" */;
			productName = RxSwift;
		};
		DF71E5612E50DE650028FC61 /* ESPullToRefresh */ = {
			isa = XCSwiftPackageProductDependency;
			package = DF71E5602E50DE650028FC61 /* XCRemoteSwiftPackageReference "pull-to-refresh" */;
			productName = ESPullToRefresh;
		};
		DF71E5642E50E01E0028FC61 /* NVActivityIndicatorView */ = {
			isa = XCSwiftPackageProductDependency;
			package = DF71E5632E50E01E0028FC61 /* XCRemoteSwiftPackageReference "NVActivityIndicatorView" */;
			productName = NVActivityIndicatorView;
		};
		DF71E5662E50E01E0028FC61 /* NVActivityIndicatorViewExtended */ = {
			isa = XCSwiftPackageProductDependency;
			package = DF71E5632E50E01E0028FC61 /* XCRemoteSwiftPackageReference "NVActivityIndicatorView" */;
			productName = NVActivityIndicatorViewExtended;
		};
/* End XCSwiftPackageProductDependency section */
	};
	rootObject = DF4E49212E4B1C7A00278511 /* Project object */;
}
